// !$*UTF8*$!
{
	archiveVersion = 1;
	classes = {
	};
	objectVersion = 50;
	objects = {

/* Begin PBXBuildFile section */
		2664C25124D37F340037DD50 /* AppDelegate.swift in Sources */ = {isa = PBXBuildFile; fileRef = 2664C25024D37F340037DD50 /* AppDelegate.swift */; };
		2664C25324D37F340037DD50 /* SceneDelegate.swift in Sources */ = {isa = PBXBuildFile; fileRef = 2664C25224D37F340037DD50 /* SceneDelegate.swift */; };
		2664C25524D37F340037DD50 /* TaskListView.swift in Sources */ = {isa = PBXBuildFile; fileRef = 2664C25424D37F340037DD50 /* TaskListView.swift */; };
		2664C25724D37F350037DD50 /* Assets.xcassets in Resources */ = {isa = PBXBuildFile; fileRef = 2664C25624D37F350037DD50 /* Assets.xcassets */; };
		2664C25A24D37F350037DD50 /* Preview Assets.xcassets in Resources */ = {isa = PBXBuildFile; fileRef = 2664C25924D37F350037DD50 /* Preview Assets.xcassets */; };
		2664C25D24D37F350037DD50 /* LaunchScreen.storyboard in Resources */ = {isa = PBXBuildFile; fileRef = 2664C25B24D37F350037DD50 /* LaunchScreen.storyboard */; };
		2664C26624D37F8A0037DD50 /* Task.swift in Sources */ = {isa = PBXBuildFile; fileRef = 2664C26524D37F8A0037DD50 /* Task.swift */; };
		2664C26C24D38CAC0037DD50 /* TaskCellViewModel.swift in Sources */ = {isa = PBXBuildFile; fileRef = 2664C26B24D38CAC0037DD50 /* TaskCellViewModel.swift */; };
		2664C26E24D394CF0037DD50 /* TaskListViewModel.swift in Sources */ = {isa = PBXBuildFile; fileRef = 2664C26D24D394CF0037DD50 /* TaskListViewModel.swift */; };
/* End PBXBuildFile section */

/* Begin PBXFileReference section */
		2664C24D24D37F340037DD50 /* TodoListFirebase.app */ = {isa = PBXFileReference; explicitFileType = wrapper.application; includeInIndex = 0; path = TodoListFirebase.app; sourceTree = BUILT_PRODUCTS_DIR; };
		2664C25024D37F340037DD50 /* AppDelegate.swift */ = {isa = PBXFileReference; lastKnownFileType = sourcecode.swift; path = AppDelegate.swift; sourceTree = "<group>"; };
		2664C25224D37F340037DD50 /* SceneDelegate.swift */ = {isa = PBXFileReference; lastKnownFileType = sourcecode.swift; path = SceneDelegate.swift; sourceTree = "<group>"; };
		2664C25424D37F340037DD50 /* TaskListView.swift */ = {isa = PBXFileReference; lastKnownFileType = sourcecode.swift; path = TaskListView.swift; sourceTree = "<group>"; };
		2664C25624D37F350037DD50 /* Assets.xcassets */ = {isa = PBXFileReference; lastKnownFileType = folder.assetcatalog; path = Assets.xcassets; sourceTree = "<group>"; };
		2664C25924D37F350037DD50 /* Preview Assets.xcassets */ = {isa = PBXFileReference; lastKnownFileType = folder.assetcatalog; path = "Preview Assets.xcassets"; sourceTree = "<group>"; };
		2664C25C24D37F350037DD50 /* Base */ = {isa = PBXFileReference; lastKnownFileType = file.storyboard; name = Base; path = Base.lproj/LaunchScreen.storyboard; sourceTree = "<group>"; };
		2664C25E24D37F350037DD50 /* Info.plist */ = {isa = PBXFileReference; lastKnownFileType = text.plist.xml; path = Info.plist; sourceTree = "<group>"; };
		2664C26524D37F8A0037DD50 /* Task.swift */ = {isa = PBXFileReference; lastKnownFileType = sourcecode.swift; path = Task.swift; sourceTree = "<group>"; };
		2664C26B24D38CAC0037DD50 /* TaskCellViewModel.swift */ = {isa = PBXFileReference; lastKnownFileType = sourcecode.swift; path = TaskCellViewModel.swift; sourceTree = "<group>"; };
		2664C26D24D394CF0037DD50 /* TaskListViewModel.swift */ = {isa = PBXFileReference; lastKnownFileType = sourcecode.swift; path = TaskListViewModel.swift; sourceTree = "<group>"; };
/* End PBXFileReference section */

/* Begin PBXFrameworksBuildPhase section */
		2664C24A24D37F340037DD50 /* Frameworks */ = {
			isa = PBXFrameworksBuildPhase;
			buildActionMask = 2147483647;
			files = (
			);
			runOnlyForDeploymentPostprocessing = 0;
		};
/* End PBXFrameworksBuildPhase section */

/* Begin PBXGroup section */
		2664C24424D37F340037DD50 = {
			isa = PBXGroup;
			children = (
				2664C24F24D37F340037DD50 /* TodoListFirebase */,
				2664C24E24D37F340037DD50 /* Products */,
			);
			sourceTree = "<group>";
		};
		2664C24E24D37F340037DD50 /* Products */ = {
			isa = PBXGroup;
			children = (
				2664C24D24D37F340037DD50 /* TodoListFirebase.app */,
			);
			name = Products;
			sourceTree = "<group>";
		};
		2664C24F24D37F340037DD50 /* TodoListFirebase */ = {
			isa = PBXGroup;
			children = (
				2664C26A24D38C710037DD50 /* ViewModels */,
				2664C26724D381290037DD50 /* App */,
				2664C26424D37F800037DD50 /* Model */,
				2664C26924D381420037DD50 /* Views */,
				2664C25624D37F350037DD50 /* Assets.xcassets */,
				2664C25B24D37F350037DD50 /* LaunchScreen.storyboard */,
				2664C25E24D37F350037DD50 /* Info.plist */,
				2664C25824D37F350037DD50 /* Preview Content */,
			);
			path = TodoListFirebase;
			sourceTree = "<group>";
		};
		2664C25824D37F350037DD50 /* Preview Content */ = {
			isa = PBXGroup;
			children = (
				2664C25924D37F350037DD50 /* Preview Assets.xcassets */,
			);
			path = "Preview Content";
			sourceTree = "<group>";
		};
		2664C26424D37F800037DD50 /* Model */ = {
			isa = PBXGroup;
			children = (
				2664C26524D37F8A0037DD50 /* Task.swift */,
			);
			path = Model;
			sourceTree = "<group>";
		};
		2664C26724D381290037DD50 /* App */ = {
			isa = PBXGroup;
			children = (
				2664C25024D37F340037DD50 /* AppDelegate.swift */,
				2664C25224D37F340037DD50 /* SceneDelegate.swift */,
			);
			path = App;
			sourceTree = "<group>";
		};
		2664C26924D381420037DD50 /* Views */ = {
			isa = PBXGroup;
			children = (
				2664C25424D37F340037DD50 /* TaskListView.swift */,
			);
			path = Views;
			sourceTree = "<group>";
		};
		2664C26A24D38C710037DD50 /* ViewModels */ = {
			isa = PBXGroup;
			children = (
				2664C26B24D38CAC0037DD50 /* TaskCellViewModel.swift */,
				2664C26D24D394CF0037DD50 /* TaskListViewModel.swift */,
			);
			path = ViewModels;
			sourceTree = "<group>";
		};
/* End PBXGroup section */

/* Begin PBXNativeTarget section */
		2664C24C24D37F340037DD50 /* TodoListFirebase */ = {
			isa = PBXNativeTarget;
			buildConfigurationList = 2664C26124D37F350037DD50 /* Build configuration list for PBXNativeTarget "TodoListFirebase" */;
			buildPhases = (
				2664C24924D37F340037DD50 /* Sources */,
				2664C24A24D37F340037DD50 /* Frameworks */,
				2664C24B24D37F340037DD50 /* Resources */,
			);
			buildRules = (
			);
			dependencies = (
			);
			name = TodoListFirebase;
			productName = TodoListFirebase;
			productReference = 2664C24D24D37F340037DD50 /* TodoListFirebase.app */;
			productType = "com.apple.product-type.application";
		};
/* End PBXNativeTarget section */

/* Begin PBXProject section */
		2664C24524D37F340037DD50 /* Project object */ = {
			isa = PBXProject;
			attributes = {
				LastSwiftUpdateCheck = 1160;
				LastUpgradeCheck = 1160;
				ORGANIZATIONNAME = "Vanessa Milagros";
				TargetAttributes = {
					2664C24C24D37F340037DD50 = {
						CreatedOnToolsVersion = 11.6;
					};
				};
			};
			buildConfigurationList = 2664C24824D37F340037DD50 /* Build configuration list for PBXProject "TodoListFirebase" */;
			compatibilityVersion = "Xcode 9.3";
			developmentRegion = en;
			hasScannedForEncodings = 0;
			knownRegions = (
				en,
				Base,
			);
			mainGroup = 2664C24424D37F340037DD50;
			productRefGroup = 2664C24E24D37F340037DD50 /* Products */;
			projectDirPath = "";
			projectRoot = "";
			targets = (
				2664C24C24D37F340037DD50 /* TodoListFirebase */,
			);
		};
/* End PBXProject section */

/* Begin PBXResourcesBuildPhase section */
		2664C24B24D37F340037DD50 /* Resources */ = {
			isa = PBXResourcesBuildPhase;
			buildActionMask = 2147483647;
			files = (
				2664C25D24D37F350037DD50 /* LaunchScreen.storyboard in Resources */,
				2664C25A24D37F350037DD50 /* Preview Assets.xcassets in Resources */,
				2664C25724D37F350037DD50 /* Assets.xcassets in Resources */,
			);
			runOnlyForDeploymentPostprocessing = 0;
		};
/* End PBXResourcesBuildPhase section */

/* Begin PBXSourcesBuildPhase section */
		2664C24924D37F340037DD50 /* Sources */ = {
			isa = PBXSourcesBuildPhase;
			buildActionMask = 2147483647;
			files = (
				2664C26624D37F8A0037DD50 /* Task.swift in Sources */,
				2664C25124D37F340037DD50 /* AppDelegate.swift in Sources */,
				2664C25324D37F340037DD50 /* SceneDelegate.swift in Sources */,
				2664C25524D37F340037DD50 /* TaskListView.swift in Sources */,
				2664C26C24D38CAC0037DD50 /* TaskCellViewModel.swift in Sources */,
				2664C26E24D394CF0037DD50 /* TaskListViewModel.swift in Sources */,
			);
			runOnlyForDeploymentPostprocessing = 0;
		};
/* End PBXSourcesBuildPhase section */

/* Begin PBXVariantGroup section */
		2664C25B24D37F350037DD50 /* LaunchScreen.storyboard */ = {
			isa = PBXVariantGroup;
			children = (
				2664C25C24D37F350037DD50 /* Base */,
			);
			name = LaunchScreen.storyboard;
			sourceTree = "<group>";
		};
/* End PBXVariantGroup section */

/* Begin XCBuildConfiguration section */
		2664C25F24D37F350037DD50 /* Debug */ = {
			isa = XCBuildConfiguration;
			buildSettings = {
				ALWAYS_SEARCH_USER_PATHS = NO;
				CLANG_ANALYZER_NONNULL = YES;
				CLANG_ANALYZER_NUMBER_OBJECT_CONVERSION = YES_AGGRESSIVE;
				CLANG_CXX_LANGUAGE_STANDARD = "gnu++14";
				CLANG_CXX_LIBRARY = "libc++";
				CLANG_ENABLE_MODULES = YES;
				CLANG_ENABLE_OBJC_ARC = YES;
				CLANG_ENABLE_OBJC_WEAK = YES;
				CLANG_WARN_BLOCK_CAPTURE_AUTORELEASING = YES;
				CLANG_WARN_BOOL_CONVERSION = YES;
				CLANG_WARN_COMMA = YES;
				CLANG_WARN_CONSTANT_CONVERSION = YES;
				CLANG_WARN_DEPRECATED_OBJC_IMPLEMENTATIONS = YES;
				CLANG_WARN_DIRECT_OBJC_ISA_USAGE = YES_ERROR;
				CLANG_WARN_DOCUMENTATION_COMMENTS = YES;
				CLANG_WARN_EMPTY_BODY = YES;
				CLANG_WARN_ENUM_CONVERSION = YES;
				CLANG_WARN_INFINITE_RECURSION = YES;
				CLANG_WARN_INT_CONVERSION = YES;
				CLANG_WARN_NON_LITERAL_NULL_CONVERSION = YES;
				CLANG_WARN_OBJC_IMPLICIT_RETAIN_SELF = YES;
				CLANG_WARN_OBJC_LITERAL_CONVERSION = YES;
				CLANG_WARN_OBJC_ROOT_CLASS = YES_ERROR;
				CLANG_WARN_RANGE_LOOP_ANALYSIS = YES;
				CLANG_WARN_STRICT_PROTOTYPES = YES;
				CLANG_WARN_SUSPICIOUS_MOVE = YES;
				CLANG_WARN_UNGUARDED_AVAILABILITY = YES_AGGRESSIVE;
				CLANG_WARN_UNREACHABLE_CODE = YES;
				CLANG_WARN__DUPLICATE_METHOD_MATCH = YES;
				COPY_PHASE_STRIP = NO;
				DEBUG_INFORMATION_FORMAT = dwarf;
				ENABLE_STRICT_OBJC_MSGSEND = YES;
				ENABLE_TESTABILITY = YES;
				GCC_C_LANGUAGE_STANDARD = gnu11;
				GCC_DYNAMIC_NO_PIC = NO;
				GCC_NO_COMMON_BLOCKS = YES;
				GCC_OPTIMIZATION_LEVEL = 0;
				GCC_PREPROCESSOR_DEFINITIONS = (
					"DEBUG=1",
					"$(inherited)",
				);
				GCC_WARN_64_TO_32_BIT_CONVERSION = YES;
				GCC_WARN_ABOUT_RETURN_TYPE = YES_ERROR;
				GCC_WARN_UNDECLARED_SELECTOR = YES;
				GCC_WARN_UNINITIALIZED_AUTOS = YES_AGGRESSIVE;
				GCC_WARN_UNUSED_FUNCTION = YES;
				GCC_WARN_UNUSED_VARIABLE = YES;
				IPHONEOS_DEPLOYMENT_TARGET = 13.6;
				MTL_ENABLE_DEBUG_INFO = INCLUDE_SOURCE;
				MTL_FAST_MATH = YES;
				ONLY_ACTIVE_ARCH = YES;
				SDKROOT = iphoneos;
				SWIFT_ACTIVE_COMPILATION_CONDITIONS = DEBUG;
				SWIFT_OPTIMIZATION_LEVEL = "-Onone";
			};
			name = Debug;
		};
		2664C26024D37F350037DD50 /* Release */ = {
			isa = XCBuildConfiguration;
			buildSettings = {
				ALWAYS_SEARCH_USER_PATHS = NO;
				CLANG_ANALYZER_NONNULL = YES;
				CLANG_ANALYZER_NUMBER_OBJECT_CONVERSION = YES_AGGRESSIVE;
				CLANG_CXX_LANGUAGE_STANDARD = "gnu++14";
				CLANG_CXX_LIBRARY = "libc++";
				CLANG_ENABLE_MODULES = YES;
				CLANG_ENABLE_OBJC_ARC = YES;
				CLANG_ENABLE_OBJC_WEAK = YES;
				CLANG_WARN_BLOCK_CAPTURE_AUTORELEASING = YES;
				CLANG_WARN_BOOL_CONVERSION = YES;
				CLANG_WARN_COMMA = YES;
				CLANG_WARN_CONSTANT_CONVERSION = YES;
				CLANG_WARN_DEPRECATED_OBJC_IMPLEMENTATIONS = YES;
				CLANG_WARN_DIRECT_OBJC_ISA_USAGE = YES_ERROR;
				CLANG_WARN_DOCUMENTATION_COMMENTS = YES;
				CLANG_WARN_EMPTY_BODY = YES;
				CLANG_WARN_ENUM_CONVERSION = YES;
				CLANG_WARN_INFINITE_RECURSION = YES;
				CLANG_WARN_INT_CONVERSION = YES;
				CLANG_WARN_NON_LITERAL_NULL_CONVERSION = YES;
				CLANG_WARN_OBJC_IMPLICIT_RETAIN_SELF = YES;
				CLANG_WARN_OBJC_LITERAL_CONVERSION = YES;
				CLANG_WARN_OBJC_ROOT_CLASS = YES_ERROR;
				CLANG_WARN_RANGE_LOOP_ANALYSIS = YES;
				CLANG_WARN_STRICT_PROTOTYPES = YES;
				CLANG_WARN_SUSPICIOUS_MOVE = YES;
				CLANG_WARN_UNGUARDED_AVAILABILITY = YES_AGGRESSIVE;
				CLANG_WARN_UNREACHABLE_CODE = YES;
				CLANG_WARN__DUPLICATE_METHOD_MATCH = YES;
				COPY_PHASE_STRIP = NO;
				DEBUG_INFORMATION_FORMAT = "dwarf-with-dsym";
				ENABLE_NS_ASSERTIONS = NO;
				ENABLE_STRICT_OBJC_MSGSEND = YES;
				GCC_C_LANGUAGE_STANDARD = gnu11;
				GCC_NO_COMMON_BLOCKS = YES;
				GCC_WARN_64_TO_32_BIT_CONVERSION = YES;
				GCC_WARN_ABOUT_RETURN_TYPE = YES_ERROR;
				GCC_WARN_UNDECLARED_SELECTOR = YES;
				GCC_WARN_UNINITIALIZED_AUTOS = YES_AGGRESSIVE;
				GCC_WARN_UNUSED_FUNCTION = YES;
				GCC_WARN_UNUSED_VARIABLE = YES;
				IPHONEOS_DEPLOYMENT_TARGET = 13.6;
				MTL_ENABLE_DEBUG_INFO = NO;
				MTL_FAST_MATH = YES;
				SDKROOT = iphoneos;
				SWIFT_COMPILATION_MODE = wholemodule;
				SWIFT_OPTIMIZATION_LEVEL = "-O";
				VALIDATE_PRODUCT = YES;
			};
			name = Release;
		};
		2664C26224D37F350037DD50 /* Debug */ = {
			isa = XCBuildConfiguration;
			buildSettings = {
				ASSETCATALOG_COMPILER_APPICON_NAME = AppIcon;
				CODE_SIGN_STYLE = Automatic;
				DEVELOPMENT_ASSET_PATHS = "\"TodoListFirebase/Preview Content\"";
				ENABLE_PREVIEWS = YES;
				INFOPLIST_FILE = TodoListFirebase/Info.plist;
				LD_RUNPATH_SEARCH_PATHS = (
					"$(inherited)",
					"@executable_path/Frameworks",
				);
				PRODUCT_BUNDLE_IDENTIFIER = com.vanessapr.TodoListFirebase;
				PRODUCT_NAME = "$(TARGET_NAME)";
				SWIFT_VERSION = 5.0;
				TARGETED_DEVICE_FAMILY = "1,2";
			};
			name = Debug;
		};
		2664C26324D37F350037DD50 /* Release */ = {
			isa = XCBuildConfiguration;
			buildSettings = {
				ASSETCATALOG_COMPILER_APPICON_NAME = AppIcon;
				CODE_SIGN_STYLE = Automatic;
				DEVELOPMENT_ASSET_PATHS = "\"TodoListFirebase/Preview Content\"";
				ENABLE_PREVIEWS = YES;
				INFOPLIST_FILE = TodoListFirebase/Info.plist;
				LD_RUNPATH_SEARCH_PATHS = (
					"$(inherited)",
					"@executable_path/Frameworks",
				);
				PRODUCT_BUNDLE_IDENTIFIER = com.vanessapr.TodoListFirebase;
				PRODUCT_NAME = "$(TARGET_NAME)";
				SWIFT_VERSION = 5.0;
				TARGETED_DEVICE_FAMILY = "1,2";
			};
			name = Release;
		};
/* End XCBuildConfiguration section */

/* Begin XCConfigurationList section */
		2664C24824D37F340037DD50 /* Build configuration list for PBXProject "TodoListFirebase" */ = {
			isa = XCConfigurationList;
			buildConfigurations = (
				2664C25F24D37F350037DD50 /* Debug */,
				2664C26024D37F350037DD50 /* Release */,
			);
			defaultConfigurationIsVisible = 0;
			defaultConfigurationName = Release;
		};
		2664C26124D37F350037DD50 /* Build configuration list for PBXNativeTarget "TodoListFirebase" */ = {
			isa = XCConfigurationList;
			buildConfigurations = (
				2664C26224D37F350037DD50 /* Debug */,
				2664C26324D37F350037DD50 /* Release */,
			);
			defaultConfigurationIsVisible = 0;
			defaultConfigurationName = Release;
		};
/* End XCConfigurationList section */
	};
	rootObject = 2664C24524D37F340037DD50 /* Project object */;
}
